<Solution>
  <Folder Name="/Applications/">
    <Project Path="Applications/Services/Applications.Services.csproj" />
    <Project Path="Applications/Services.Abstractions/Applications.Services.Abstractions.csproj" />
  </Folder>
  <Folder Name="/Applications/CLI.Editor/">
    <Project Path="Applications/Cli.Editor/Applications.Cli.Editor.csproj" />
  </Folder>
  <Folder Name="/Applications/CLI/">
    <Project Path="Applications/Cli.Tests/Applications.Cli.Tests.csproj" />
    <Project Path="Applications/Cli/Applications.Cli.csproj" />
  </Folder>
  <Folder Name="/Commons/">
    <Project Path="Commons/Commons/Commons.csproj" />
    <Project Path="Commons/Tests.Helpers/Tests.Helpers.csproj" />
  </Folder>
  <Folder Name="/Features/" />
  <Folder Name="/Features/Cakewalk.ArticulationMaps/">
    <Project Path="Features/Cakewalk/ArticulationMaps/Contracts/Cakewalk.ArticulationMaps.Contracts.csproj" />
    <Project Path="Features/Cakewalk/ArticulationMaps/Exports/Cakewalk.ArticulationMaps.Exports.csproj" />
    <Project Path="Features/Cakewalk/ArticulationMaps/Facades/Cakewalk.ArticulationMaps.Facades.csproj" />
    <Project Path="Features/Cakewalk/ArticulationMaps/Mappers/Cakewalk.ArticulationMaps.Mappers.csproj" />
    <Project Path="Features/Cakewalk/ArticulationMaps/Models/Cakewalk.ArticulationMaps.Models.csproj" />
    <Project Path="Features/Cakewalk/ArticulationMaps/Tests/Cakewalk.ArticulationMaps.Tests.csproj" />
  </Folder>
  <Folder Name="/Features/Cubase.ExpressionMaps/">
    <Project Path="Features/Cubase/ExpressionMaps/Contracts/Cubase.ExpressionMaps.Contracts.csproj" />
    <Project Path="Features/Cubase/ExpressionMaps/Exports/Cubase.ExpressionMaps.Exports.csproj" />
    <Project Path="Features/Cubase/ExpressionMaps/Facades/Cubase.ExpressionMaps.Facades.csproj" />
    <Project Path="Features/Cubase/ExpressionMaps/Mappers/Cubase.ExpressionMaps.Mappers.csproj" />
    <Project Path="Features/Cubase/ExpressionMaps/Models/Cubase.ExpressionMaps.Models.csproj" />
    <Project Path="Features/Cubase/ExpressionMaps/Tests/Cubase.ExpressionMaps.Tests.csproj" />
  </Folder>
  <Folder Name="/Features/Logic.Articulations/">
    <Project Path="Features/Logic/Articulations/Contracts/Logic.Articulations.Contracts.csproj" />
    <Project Path="Features/Logic/Articulations/Exports/Logic.Articulations.Exports.csproj" />
    <Project Path="Features/Logic/Articulations/Facades/Logic.Articulations.Facades.csproj" />
    <Project Path="Features/Logic/Articulations/Mappers/Logic.Articulations.Mappers.csproj" />
    <Project Path="Features/Logic/Articulations/Tests/Logic.Articulations.Tests.csproj" />
  </Folder>
  <Folder Name="/Features/StudioOne.KeySwitches/">
    <Project Path="Features/StudioOne/KeySwitches/Contracts/StudioOne.KeySwitches.Contracts.csproj" />
    <Project Path="Features/StudioOne/KeySwitches/Exports/StudioOne.KeySwitches.Exports.csproj" />
    <Project Path="Features/StudioOne/KeySwitches/Facades/StudioOne.KeySwitches.Facades.csproj" />
    <Project Path="Features/StudioOne/KeySwitches/Mappers/StudioOne.KeySwitches.Mappers.csproj" />
    <Project Path="Features/StudioOne/KeySwitches/Models/StudioOne.KeySwitches.Models.csproj" />
    <Project Path="Features/StudioOne/KeySwitches/Tests/StudioOne.KeySwitches.Tests.csproj" />
  </Folder>
  <Folder Name="/Features/UniversalDefinitions/">
    <Project Path="Features/UniversalDefinitions/Contracts/UniversalDefinitions.Contracts.csproj" />
    <Project Path="Features/UniversalDefinitions/Exports/UniversalDefinitions.Exports.csproj" />
    <Project Path="Features/UniversalDefinitions/Facades/UniversalDefinitions.Facades.csproj" />
    <Project Path="Features/UniversalDefinitions/Imports/UniversalDefinitions.Imports.csproj" />
    <Project Path="Features/UniversalDefinitions/Mappers/UniversalDefinitions.Mappers.csproj" />
    <Project Path="Features/UniversalDefinitions/Models/UniversalDefinitions.Models.csproj" />
    <Project Path="Features/UniversalDefinitions/Tests/UniversalDefinitions.Tests.csproj" />
  </Folder>
  <Folder Name="/Shared/">
    <Project Path="Shared/Shared.Mock/Shared.Mock.csproj" />
    <Project Path="Shared/Shared/Shared.csproj" />
  </Folder>
  <Folder Name="/Shared/IO/">
    <Project Path="Shared/Shared.IO.Local/Shared.IO.Local.csproj" />
    <Project Path="Shared/Shared.IO.Abstractions/Shared.IO.Abstractions.csproj" />
    <Project Path="Shared/Shared.IO.Streams/Shared.IO.Streams.csproj" />
    <Project Path="Shared/Shared.IO.Tests/Shared.IO.Tests.csproj" />
  </Folder>
</Solution>
