<Solution>
  <Folder Name="/Commons/">
    <Project Path="Commons/Commons.csproj" />
  </Folder>
  <Folder Name="/Shared/">
    <Project Path="Shared/Shared.Tests/Shared.Tests.csproj" />
    <Project Path="Shared/Shared/Shared.csproj" />
  </Folder>
  <Folder Name="/Shared/IO/">
    <Project Path="Shared/Shared.IO.Local/Shared.IO.Local.csproj" />
    <Project Path="Shared\Shared.IO.Abstractions\Shared.IO.Abstractions.csproj" />
    <Project Path="Shared\Shared.IO.Streams\Shared.IO.Streams.csproj" />
    <Project Path="Shared\Shared.IO.Tests\Shared.IO.Tests.csproj" />
  </Folder>
</Solution>
