<Solution>
  <Folder Name="/Commons/">
    <Project Path="Commons/Commons.csproj" />
  </Folder>
  <Folder Name="/Features/" />
  <Folder Name="/Features/UniversalDefinitions/">
    <Project Path="Features/UniversalDefinitions/Facades/UniversalDefinitions.Facades.csproj" />
    <Project Path="Features/UniversalDefinitions/Gateways/UniversalDefinitions.Gateways.csproj" />
    <Project Path="Features/UniversalDefinitions/UseCase/UniversalDefinitions.UseCases.csproj" />
  </Folder>
  <Folder Name="/Features/UniversalDefinitions/Infrastructures/">
    <Project Path="Features/UniversalDefinitions/Infrastructures/Infrastructures.Yaml.Tests/UniversalDefinitions.Infrastructures.Yaml.Tests.csproj" />
    <Project Path="Features/UniversalDefinitions/Infrastructures/Infrastructures.Yaml/UniversalDefinitions.Infrastructures.Yaml.csproj" />
  </Folder>
  <Folder Name="/Shared/">
    <Project Path="Shared/Shared/Shared.csproj" />
  </Folder>
  <Folder Name="/Shared/IO/">
    <Project Path="Shared/Shared.IO.Local/Shared.IO.Local.csproj" />
    <Project Path="Shared/Shared.IO.Abstractions/Shared.IO.Abstractions.csproj" />
    <Project Path="Shared/Shared.IO.Streams/Shared.IO.Streams.csproj" />
    <Project Path="Shared/Shared.IO.Tests/Shared.IO.Tests.csproj" />
  </Folder>
</Solution>
